
Microsoft Visual Studio Solution File, Format Version 12.00
# Visual Studio Version 17
VisualStudioVersion = 17.9.34723.18
MinimumVisualStudioVersion = 10.0.40219.1
Project("{FAE04EC0-301F-11D3-BF4B-00C04F79EFBC}") = "POO", "POO\POO.csproj", "{9FE156D3-D117-479A-94A5-9FE110E8E28C}"
EndProject
Global
	GlobalSection(SolutionConfigurationPlatforms) = preSolution
		Debug|Any CPU = Debug|Any CPU
		Release|Any CPU = Release|Any CPU
	EndGlobalSection
	GlobalSection(ProjectConfigurationPlatforms) = postSolution
		{9FE156D3-D117-479A-94A5-9FE110E8E28C}.Debug|Any CPU.ActiveCfg = Debug|Any CPU
		{9FE156D3-D117-479A-94A5-9FE110E8E28C}.Debug|Any CPU.Build.0 = Debug|Any CPU
		{9FE156D3-D117-479A-94A5-9FE110E8E28C}.Release|Any CPU.ActiveCfg = Release|Any CPU
		{9FE156D3-D117-479A-94A5-9FE110E8E28C}.Release|Any CPU.Build.0 = Release|Any CPU
	EndGlobalSection
	GlobalSection(SolutionProperties) = preSolution
		HideSolutionNode = FALSE
	EndGlobalSection
	GlobalSection(ExtensibilityGlobals) = postSolution
		SolutionGuid = {E14B19B8-8EB2-4B5B-8CE6-336B05C6045E}
	EndGlobalSection
EndGlobal
